
Microsoft Visual Studio Solution File, Format Version 12.00
# Visual Studio Version 17
VisualStudioVersion = 17.0.31903.59
MinimumVisualStudioVersion = 10.0.40219.1
Project("{FAE04EC0-301F-11D3-BF4B-00C04F79EFBC}") = "FoodOptimizer", "FoodOptimizer\FoodOptimizer.csproj", "{365AC125-9795-45F8-8F3F-9053A21FF0EE}"
EndProject
Project("{FAE04EC0-301F-11D3-BF4B-00C04F79EFBC}") = "FoodOptimizer.Tests", "FoodOptimizer.Tests\FoodOptimizer.Tests.csproj", "{71DEA2AE-3525-436F-9377-4A4028B9D2DA}"
EndProject
Global
	GlobalSection(SolutionConfigurationPlatforms) = preSolution
		Debug|Any CPU = Debug|Any CPU
		Release|Any CPU = Release|Any CPU
	EndGlobalSection
	GlobalSection(SolutionProperties) = preSolution
		HideSolutionNode = FALSE
	EndGlobalSection
	GlobalSection(ProjectConfigurationPlatforms) = postSolution
		{365AC125-9795-45F8-8F3F-9053A21FF0EE}.Debug|Any CPU.ActiveCfg = Debug|Any CPU
		{365AC125-9795-45F8-8F3F-9053A21FF0EE}.Debug|Any CPU.Build.0 = Debug|Any CPU
		{365AC125-9795-45F8-8F3F-9053A21FF0EE}.Release|Any CPU.ActiveCfg = Release|Any CPU
		{365AC125-9795-45F8-8F3F-9053A21FF0EE}.Release|Any CPU.Build.0 = Release|Any CPU
		{71DEA2AE-3525-436F-9377-4A4028B9D2DA}.Debug|Any CPU.ActiveCfg = Debug|Any CPU
		{71DEA2AE-3525-436F-9377-4A4028B9D2DA}.Debug|Any CPU.Build.0 = Debug|Any CPU
		{71DEA2AE-3525-436F-9377-4A4028B9D2DA}.Release|Any CPU.ActiveCfg = Release|Any CPU
		{71DEA2AE-3525-436F-9377-4A4028B9D2DA}.Release|Any CPU.Build.0 = Release|Any CPU
	EndGlobalSection
EndGlobal
